
Microsoft Visual Studio Solution File, Format Version 12.00
# Visual Studio Version 17
VisualStudioVersion = 17.5.002.0
MinimumVisualStudioVersion = 10.0.40219.1
Project("{9A19103F-16F7-4668-BE54-9A1E7A4F7556}") = "Web Service Integrated with Database", "Web Service Integrated with Database.csproj", "{B18F9A4D-567B-42E7-8C1B-8A0222CCD9A1}"
EndProject
Global
	GlobalSection(SolutionConfigurationPlatforms) = preSolution
		Debug|Any CPU = Debug|Any CPU
		Release|Any CPU = Release|Any CPU
	EndGlobalSection
	GlobalSection(ProjectConfigurationPlatforms) = postSolution
		{B18F9A4D-567B-42E7-8C1B-8A0222CCD9A1}.Debug|Any CPU.ActiveCfg = Debug|Any CPU
		{B18F9A4D-567B-42E7-8C1B-8A0222CCD9A1}.Debug|Any CPU.Build.0 = Debug|Any CPU
		{B18F9A4D-567B-42E7-8C1B-8A0222CCD9A1}.Release|Any CPU.ActiveCfg = Release|Any CPU
		{B18F9A4D-567B-42E7-8C1B-8A0222CCD9A1}.Release|Any CPU.Build.0 = Release|Any CPU
	EndGlobalSection
	GlobalSection(SolutionProperties) = preSolution
		HideSolutionNode = FALSE
	EndGlobalSection
	GlobalSection(ExtensibilityGlobals) = postSolution
		SolutionGuid = {ACABE706-4888-456F-825B-018E019AAD42}
	EndGlobalSection
EndGlobal
